# THIS IS AN AUTOGENERATED FILE. DO NOT EDIT THIS FILE DIRECTLY.
# yarn lockfile v1


"fs@^0.0.1-security":
  "integrity" "sha1-invTcYa23d84E/I4WLV+yq9eQdQ="
  "resolved" "https://registry.npmjs.org/fs/-/fs-0.0.1-security.tgz"
  "version" "0.0.1-security"

"ip@^1.1.5":
  "integrity" "sha1-vd7XARQpCCjAoDnnLvJfWq7ENUo="
  "resolved" "https://registry.npmjs.org/ip/-/ip-1.1.5.tgz"
  "version" "1.1.5"
